
Microsoft Visual Studio Solution File, Format Version 12.00
# Visual Studio Version 17
VisualStudioVersion = 17.8.34322.80
MinimumVisualStudioVersion = 10.0.40219.1
Project("{FAE04EC0-301F-11D3-BF4B-00C04F79EFBC}") = "Calificaciones", "Calificaciones.csproj", "{7CADC924-BCFB-4475-9659-ACCF5F7E2FBC}"
EndProject
Global
	GlobalSection(SolutionConfigurationPlatforms) = preSolution
		Debug|Any CPU = Debug|Any CPU
		Release|Any CPU = Release|Any CPU
	EndGlobalSection
	GlobalSection(ProjectConfigurationPlatforms) = postSolution
		{7CADC924-BCFB-4475-9659-ACCF5F7E2FBC}.Debug|Any CPU.ActiveCfg = Debug|Any CPU
		{7CADC924-BCFB-4475-9659-ACCF5F7E2FBC}.Debug|Any CPU.Build.0 = Debug|Any CPU
		{7CADC924-BCFB-4475-9659-ACCF5F7E2FBC}.Release|Any CPU.ActiveCfg = Release|Any CPU
		{7CADC924-BCFB-4475-9659-ACCF5F7E2FBC}.Release|Any CPU.Build.0 = Release|Any CPU
	EndGlobalSection
	GlobalSection(SolutionProperties) = preSolution
		HideSolutionNode = FALSE
	EndGlobalSection
	GlobalSection(ExtensibilityGlobals) = postSolution
		SolutionGuid = {87675EE6-D6C6-472C-A003-81FA250BE82F}
	EndGlobalSection
EndGlobal
